
Microsoft Visual Studio Solution File, Format Version 12.00
# Visual Studio Version 17
VisualStudioVersion = 17.4.33110.190
MinimumVisualStudioVersion = 10.0.40219.1
Project("{FAE04EC0-301F-11D3-BF4B-00C04F79EFBC}") = "AES", "AES.csproj", "{DADCF0B5-7FD8-45FD-ACA6-464E3800D30F}"
EndProject
Global
	GlobalSection(SolutionConfigurationPlatforms) = preSolution
		Debug|Any CPU = Debug|Any CPU
		Release|Any CPU = Release|Any CPU
	EndGlobalSection
	GlobalSection(ProjectConfigurationPlatforms) = postSolution
		{DADCF0B5-7FD8-45FD-ACA6-464E3800D30F}.Debug|Any CPU.ActiveCfg = Debug|Any CPU
		{DADCF0B5-7FD8-45FD-ACA6-464E3800D30F}.Debug|Any CPU.Build.0 = Debug|Any CPU
		{DADCF0B5-7FD8-45FD-ACA6-464E3800D30F}.Release|Any CPU.ActiveCfg = Release|Any CPU
		{DADCF0B5-7FD8-45FD-ACA6-464E3800D30F}.Release|Any CPU.Build.0 = Release|Any CPU
	EndGlobalSection
	GlobalSection(SolutionProperties) = preSolution
		HideSolutionNode = FALSE
	EndGlobalSection
	GlobalSection(ExtensibilityGlobals) = postSolution
		SolutionGuid = {D67E1DF4-57AA-449D-9555-6F6C3B18B245}
	EndGlobalSection
EndGlobal
